
Microsoft Visual Studio Solution File, Format Version 12.00
# Visual Studio 2012
Project("{FAE04EC0-301F-11D3-BF4B-00C04F79EFBC}") = "PSPDFKit.Android", "PSPDFKit.Android\PSPDFKit.Android.csproj", "{B87BA6DF-8454-41AE-811C-B9D7B7353E5D}"
EndProject
Project("{FAE04EC0-301F-11D3-BF4B-00C04F79EFBC}") = "AndroidSample", "samples\AndroidSample\AndroidSample\AndroidSample.csproj", "{1C96E840-A7C0-44FE-85EA-87E666BD7C79}"
EndProject
Project("{2150E333-8FDC-42A3-9474-1A3956D46DE8}") = "Examples", "Examples", "{0ADD0252-D44F-435B-AEA5-688F478700EF}"
EndProject
Project("{2150E333-8FDC-42A3-9474-1A3956D46DE8}") = "XamarinForms", "XamarinForms", "{C439B234-6654-4A91-A81C-220DEBD37705}"
EndProject
Project("{FAE04EC0-301F-11D3-BF4B-00C04F79EFBC}") = "XFSample.Droid", "samples\XamarinForms\Droid\XFSample.Droid.csproj", "{D9B389E9-6FD5-4BBA-A4D1-724A99A30305}"
EndProject
Project("{FAE04EC0-301F-11D3-BF4B-00C04F79EFBC}") = "XFSample", "samples\XamarinForms\XFSample\XFSample.csproj", "{240B3D3D-3F8F-4E44-85A5-0E15979791C3}"
EndProject
Project("{2150E333-8FDC-42A3-9474-1A3956D46DE8}") = "PSPDFCatalog", "PSPDFCatalog", "{EB25EAE2-596A-4166-920A-9A2666698A00}"
EndProject
Project("{FAE04EC0-301F-11D3-BF4B-00C04F79EFBC}") = "PSPDFCatalog", "samples\PSPDFCatalog\PSPDFCatalog.csproj", "{ED077F75-3EED-4638-B609-60BF5AD6D475}"
EndProject
Global
	GlobalSection(SolutionConfigurationPlatforms) = preSolution
		Debug|Any CPU = Debug|Any CPU
		Release|Any CPU = Release|Any CPU
	EndGlobalSection
	GlobalSection(ProjectConfigurationPlatforms) = postSolution
		{1C96E840-A7C0-44FE-85EA-87E666BD7C79}.Debug|Any CPU.ActiveCfg = Debug|Any CPU
		{1C96E840-A7C0-44FE-85EA-87E666BD7C79}.Debug|Any CPU.Build.0 = Debug|Any CPU
		{1C96E840-A7C0-44FE-85EA-87E666BD7C79}.Release|Any CPU.ActiveCfg = Release|Any CPU
		{1C96E840-A7C0-44FE-85EA-87E666BD7C79}.Release|Any CPU.Build.0 = Release|Any CPU
		{B87BA6DF-8454-41AE-811C-B9D7B7353E5D}.Debug|Any CPU.ActiveCfg = Debug|Any CPU
		{B87BA6DF-8454-41AE-811C-B9D7B7353E5D}.Debug|Any CPU.Build.0 = Debug|Any CPU
		{B87BA6DF-8454-41AE-811C-B9D7B7353E5D}.Release|Any CPU.ActiveCfg = Release|Any CPU
		{B87BA6DF-8454-41AE-811C-B9D7B7353E5D}.Release|Any CPU.Build.0 = Release|Any CPU
		{D9B389E9-6FD5-4BBA-A4D1-724A99A30305}.Debug|Any CPU.ActiveCfg = Debug|Any CPU
		{D9B389E9-6FD5-4BBA-A4D1-724A99A30305}.Debug|Any CPU.Build.0 = Debug|Any CPU
		{D9B389E9-6FD5-4BBA-A4D1-724A99A30305}.Release|Any CPU.ActiveCfg = Release|Any CPU
		{D9B389E9-6FD5-4BBA-A4D1-724A99A30305}.Release|Any CPU.Build.0 = Release|Any CPU
		{240B3D3D-3F8F-4E44-85A5-0E15979791C3}.Debug|Any CPU.ActiveCfg = Debug|Any CPU
		{240B3D3D-3F8F-4E44-85A5-0E15979791C3}.Debug|Any CPU.Build.0 = Debug|Any CPU
		{240B3D3D-3F8F-4E44-85A5-0E15979791C3}.Release|Any CPU.ActiveCfg = Release|Any CPU
		{240B3D3D-3F8F-4E44-85A5-0E15979791C3}.Release|Any CPU.Build.0 = Release|Any CPU
		{ED077F75-3EED-4638-B609-60BF5AD6D475}.Debug|Any CPU.ActiveCfg = Debug|Any CPU
		{ED077F75-3EED-4638-B609-60BF5AD6D475}.Debug|Any CPU.Build.0 = Debug|Any CPU
		{ED077F75-3EED-4638-B609-60BF5AD6D475}.Release|Any CPU.ActiveCfg = Release|Any CPU
		{ED077F75-3EED-4638-B609-60BF5AD6D475}.Release|Any CPU.Build.0 = Release|Any CPU
	EndGlobalSection
	GlobalSection(NestedProjects) = preSolution
		{1C96E840-A7C0-44FE-85EA-87E666BD7C79} = {0ADD0252-D44F-435B-AEA5-688F478700EF}
		{C439B234-6654-4A91-A81C-220DEBD37705} = {0ADD0252-D44F-435B-AEA5-688F478700EF}
		{D9B389E9-6FD5-4BBA-A4D1-724A99A30305} = {C439B234-6654-4A91-A81C-220DEBD37705}
		{240B3D3D-3F8F-4E44-85A5-0E15979791C3} = {C439B234-6654-4A91-A81C-220DEBD37705}
		{EB25EAE2-596A-4166-920A-9A2666698A00} = {0ADD0252-D44F-435B-AEA5-688F478700EF}
		{ED077F75-3EED-4638-B609-60BF5AD6D475} = {EB25EAE2-596A-4166-920A-9A2666698A00}
	EndGlobalSection
EndGlobal
