
Microsoft Visual Studio Solution File, Format Version 11.00
# Visual Studio 2010
Project("{FAE04EC0-301F-11D3-BF4B-00C04F79EFBC}") = "AndroidSample", "AndroidSample\AndroidSample.csproj", "{1C96E840-A7C0-44FE-85EA-87E666BD7C79}"
EndProject
Global
	GlobalSection(SolutionConfigurationPlatforms) = preSolution
		Debug|Any CPU = Debug|Any CPU
		Release|Any CPU = Release|Any CPU
	EndGlobalSection
	GlobalSection(ProjectConfigurationPlatforms) = postSolution
		{1C96E840-A7C0-44FE-85EA-87E666BD7C79}.Debug|Any CPU.ActiveCfg = Debug|Any CPU
		{1C96E840-A7C0-44FE-85EA-87E666BD7C79}.Debug|Any CPU.Build.0 = Debug|Any CPU
		{1C96E840-A7C0-44FE-85EA-87E666BD7C79}.Release|Any CPU.ActiveCfg = Release|Any CPU
		{1C96E840-A7C0-44FE-85EA-87E666BD7C79}.Release|Any CPU.Build.0 = Release|Any CPU
	EndGlobalSection
EndGlobal
